
Microsoft Visual Studio Solution File, Format Version 12.00
# Visual Studio Version 17
VisualStudioVersion = 17.8.34330.188
MinimumVisualStudioVersion = 10.0.40219.1
Project("{FAE04EC0-301F-11D3-BF4B-00C04F79EFBC}") = "Project.Net-Redis", "Project.Net-Redis\Project.Net-Redis.csproj", "{3ACBCC20-301F-4F76-BAE3-F6E9C6B0AC1E}"
EndProject
Global
	GlobalSection(SolutionConfigurationPlatforms) = preSolution
		Debug|Any CPU = Debug|Any CPU
		Release|Any CPU = Release|Any CPU
	EndGlobalSection
	GlobalSection(ProjectConfigurationPlatforms) = postSolution
		{3ACBCC20-301F-4F76-BAE3-F6E9C6B0AC1E}.Debug|Any CPU.ActiveCfg = Debug|Any CPU
		{3ACBCC20-301F-4F76-BAE3-F6E9C6B0AC1E}.Debug|Any CPU.Build.0 = Debug|Any CPU
		{3ACBCC20-301F-4F76-BAE3-F6E9C6B0AC1E}.Release|Any CPU.ActiveCfg = Release|Any CPU
		{3ACBCC20-301F-4F76-BAE3-F6E9C6B0AC1E}.Release|Any CPU.Build.0 = Release|Any CPU
	EndGlobalSection
	GlobalSection(SolutionProperties) = preSolution
		HideSolutionNode = FALSE
	EndGlobalSection
	GlobalSection(ExtensibilityGlobals) = postSolution
		SolutionGuid = {6AC20181-4C88-4D44-B1B6-CE75361797E0}
	EndGlobalSection
EndGlobal
